
Microsoft Visual Studio Solution File, Format Version 12.00
# Visual Studio Version 17
VisualStudioVersion = 17.4.33213.308
MinimumVisualStudioVersion = 10.0.40219.1
Project("{FAE04EC0-301F-11D3-BF4B-00C04F79EFBC}") = "Proyecto_Eventos_Progra_V", "Proyecto_Eventos_Progra_V.csproj", "{CDBEDF2B-E757-427B-AAFE-8331BC770012}"
EndProject
Global
	GlobalSection(SolutionConfigurationPlatforms) = preSolution
		Debug|Any CPU = Debug|Any CPU
		Release|Any CPU = Release|Any CPU
	EndGlobalSection
	GlobalSection(ProjectConfigurationPlatforms) = postSolution
		{CDBEDF2B-E757-427B-AAFE-8331BC770012}.Debug|Any CPU.ActiveCfg = Debug|Any CPU
		{CDBEDF2B-E757-427B-AAFE-8331BC770012}.Debug|Any CPU.Build.0 = Debug|Any CPU
		{CDBEDF2B-E757-427B-AAFE-8331BC770012}.Release|Any CPU.ActiveCfg = Release|Any CPU
		{CDBEDF2B-E757-427B-AAFE-8331BC770012}.Release|Any CPU.Build.0 = Release|Any CPU
	EndGlobalSection
	GlobalSection(SolutionProperties) = preSolution
		HideSolutionNode = FALSE
	EndGlobalSection
	GlobalSection(ExtensibilityGlobals) = postSolution
		SolutionGuid = {EF15FE83-1B63-4D6A-8C57-997966AB17A2}
	EndGlobalSection
EndGlobal
